
Microsoft Visual Studio Solution File, Format Version 12.00
# Visual Studio 15
VisualStudioVersion = 15.0.28307.1433
MinimumVisualStudioVersion = 10.0.40219.1
Project("{8BC9CEB8-8B4A-11D0-8D11-00A0C91BC942}") = "Fuzz_Formats_ReadPVR_W", "Fuzz_Irfanview_ReadPVR_W\Fuzz_Irfanview_ReadPVR_W.vcxproj", "{77AF68DD-7029-49D0-B4A6-D49902E87413}"
EndProject
Project("{8BC9CEB8-8B4A-11D0-8D11-00A0C91BC942}") = "Fuzz_Formats_Read_Utah_RLE", "Fuzz_Formats_Read_Utah_RLE\Fuzz_Formats_Read_Utah_RLE.vcxproj", "{C913D8D9-D971-41F5-90DB-C4C4A016DC1C}"
EndProject
Project("{8BC9CEB8-8B4A-11D0-8D11-00A0C91BC942}") = "Fuzz_WPG_ReadWPG_W", "Fuzz_WPG_ReadWPG_W\Fuzz_WPG_ReadWPG_W.vcxproj", "{97CE5D67-8F26-4F0E-B54C-5F240E705F32}"
EndProject
Project("{8BC9CEB8-8B4A-11D0-8D11-00A0C91BC942}") = "Fuzz_Formats_Read_Recoil_W", "Fuzz_Formats_Read_Recoil_W\Fuzz_Formats_Read_Recoil_W.vcxproj", "{A7439159-56CD-4384-9C60-A46506733E37}"
EndProject
Project("{8BC9CEB8-8B4A-11D0-8D11-00A0C91BC942}") = "Fuzz_Formats_ReadCasioCAM_W", "Fuzz_Formats_ReadCasioCAM_W\Fuzz_Formats_ReadCasioCAM_W.vcxproj", "{443853D2-C6D3-46A1-A8AA-9F70EBDEC5EF}"
EndProject
Project("{8BC9CEB8-8B4A-11D0-8D11-00A0C91BC942}") = "Fuzz_Formats_Read_BIO_RAD_W", "Fuzz_Formats_Read_BIO_RAD_W\Fuzz_Formats_Read_BIO_RAD_W.vcxproj", "{68E93E85-65FD-4230-AAB3-BFA049B277A2}"
EndProject
Project("{8BC9CEB8-8B4A-11D0-8D11-00A0C91BC942}") = "Fuzz_Formats_ReadWAD3", "Fuzz_Formats_ReadWAD3\Fuzz_Formats_ReadWAD3.vcxproj", "{3CC8640A-8580-4F8B-8829-C5B4EDE6B9F2}"
EndProject
Project("{8BC9CEB8-8B4A-11D0-8D11-00A0C91BC942}") = "Fuzz_Formats_ReadANI_W", "Fuzz_Formats_ReadANI_W\Fuzz_Formats_ReadANI_W.vcxproj", "{6174685A-E7DA-4008-91A2-25B73D41C056}"
EndProject
Project("{8BC9CEB8-8B4A-11D0-8D11-00A0C91BC942}") = "Fuzz_Formats_ReadBLP_W", "Fuzz_Formats_ReadBLP_W\Fuzz_Formats_ReadBLP_W.vcxproj", "{0C2EC484-B743-4D93-BC2E-E9327532FFAA}"
EndProject
Project("{8BC9CEB8-8B4A-11D0-8D11-00A0C91BC942}") = "Fuzz_Formats_ReadCDR_W", "Fuzz_Formats_ReadCDR_W\Fuzz_Formats_ReadCDR_W.vcxproj", "{AF4BC13C-FD55-4DE1-873F-31FB32195E7F}"
EndProject
Project("{8BC9CEB8-8B4A-11D0-8D11-00A0C91BC942}") = "Fuzz_Formats_ReadCLP_W", "Fuzz_Formats_ReadCLP_W\Fuzz_Formats_ReadCLP_W.vcxproj", "{86DAA929-9B6B-4710-974C-4A465AF04C98}"
EndProject
Project("{8BC9CEB8-8B4A-11D0-8D11-00A0C91BC942}") = "Fuzz_Formats_ReadPCX_W", "Fuzz_Formats_ReadPCX_W\Fuzz_Formats_ReadPCX_W.vcxproj", "{8BEED482-65E0-4C3D-A6B3-38020D5707EC}"
EndProject
Project("{8BC9CEB8-8B4A-11D0-8D11-00A0C91BC942}") = "Fuzz_Formats_ReadDCX_W", "Fuzz_Formats_ReadDCX_W\Fuzz_Formats_ReadDCX_W.vcxproj", "{EE140349-76CB-49F1-9BF0-AEE600984B76}"
EndProject
Project("{8BC9CEB8-8B4A-11D0-8D11-00A0C91BC942}") = "Fuzz_Formats_ReadRAS_W", "Fuzz_Formats_ReadRAS_W\Fuzz_Formats_ReadRAS_W.vcxproj", "{F668E17A-36DE-47FC-AFAE-BAF786E30722}"
EndProject
Project("{8BC9CEB8-8B4A-11D0-8D11-00A0C91BC942}") = "Fuzz_Formats_ReadFITS_W", "Fuzz_Formats_ReadFITS_W\Fuzz_Formats_ReadFITS_W.vcxproj", "{754A5B94-4838-46E0-9526-2346342D2541}"
EndProject
Project("{8BC9CEB8-8B4A-11D0-8D11-00A0C91BC942}") = "Fuzz_Formats_ReadXPM_W", "Fuzz_Formats_ReadXPM_W\Fuzz_Formats_ReadXPM_W.vcxproj", "{AE013714-7AD9-41E8-816F-A7C5E5C46A5F}"
EndProject
Project("{8BC9CEB8-8B4A-11D0-8D11-00A0C91BC942}") = "Fuzz_Formats_ReadXBM_W", "Fuzz_Formats_ReadXBM_W\Fuzz_Formats_ReadXBM_W.vcxproj", "{5C66DBC9-CE22-47CF-8529-DE6A6E1FE9C3}"
EndProject
Project("{8BC9CEB8-8B4A-11D0-8D11-00A0C91BC942}") = "Fuzz_Formats_ReadWAL_W", "Fuzz_Formats_ReadWAL_W\Fuzz_Formats_ReadWAL_W.vcxproj", "{F2178B2A-5BC0-46AF-BC25-7BF0E84F6B3D}"
EndProject
Project("{8BC9CEB8-8B4A-11D0-8D11-00A0C91BC942}") = "Fuzz_Formats_ReadDDS_W", "Fuzz_Formats_ReadDDS_W\Fuzz_Formats_ReadDDS_W.vcxproj", "{8D8097CE-094D-4C60-B0E2-0DB86CE44621}"
EndProject
Project("{8BC9CEB8-8B4A-11D0-8D11-00A0C91BC942}") = "Fuzz_Formats_ReadMosaic_W", "Fuzz_Formats_ReadMosaic_W\Fuzz_Formats_ReadMosaic_W.vcxproj", "{ED50535F-FB32-4C6E-B0C3-E47166D74E4D}"
EndProject
Project("{8BC9CEB8-8B4A-11D0-8D11-00A0C91BC942}") = "Fuzz_Formats_ReadPSP_W", "Fuzz_Formats_ReadPSP_W\Fuzz_Formats_ReadPSP_W.vcxproj", "{4611AF91-F126-4B07-A39D-B00B8F457FBF}"
EndProject
Project("{8BC9CEB8-8B4A-11D0-8D11-00A0C91BC942}") = "Fuzz_Formats_ReadSFW_W", "Fuzz_Formats_ReadSFW_W\Fuzz_Formats_ReadSFW_W.vcxproj", "{E5BA6A72-C91D-4C6D-A7A1-AE876FB3E92E}"
EndProject
Project("{8BC9CEB8-8B4A-11D0-8D11-00A0C91BC942}") = "Fuzz_Formats_ReadSGI_W", "Fuzz_Formats_ReadSGI_W\Fuzz_Formats_ReadSGI_W.vcxproj", "{B09B2ACA-2623-4E26-906E-E547DCC4CFE7}"
EndProject
Project("{8BC9CEB8-8B4A-11D0-8D11-00A0C91BC942}") = "Fuzz_Formats_ReadSIF_W", "Fuzz_Formats_ReadSIF_W\Fuzz_Formats_ReadSIF_W.vcxproj", "{ADEA8B33-571C-4721-B880-97B697B44E23}"
EndProject
Project("{8BC9CEB8-8B4A-11D0-8D11-00A0C91BC942}") = "Fuzz_Formats_ReadTTF_W", "Fuzz_Formats_ReadTTF_W\Fuzz_Formats_ReadTTF_W.vcxproj", "{00B86865-D087-4045-A193-304789F4B10A}"
EndProject
Project("{8BC9CEB8-8B4A-11D0-8D11-00A0C91BC942}") = "Fuzz_Formats_ReadWMBP_W", "Fuzz_Formats_ReadWMBP_W\Fuzz_Formats_ReadWMBP_W.vcxproj", "{74A62A0E-62AF-4BE2-90FC-B62C55B17C74}"
EndProject
Project("{8BC9CEB8-8B4A-11D0-8D11-00A0C91BC942}") = "Fuzz_Formats_ReadRAW_W", "Fuzz_Formats_ReadRAW_W\Fuzz_Formats_ReadRAW_W.vcxproj", "{5CCEA70C-8D84-4AC6-A222-3E4A71C848BF}"
EndProject
Project("{8BC9CEB8-8B4A-11D0-8D11-00A0C91BC942}") = "Fuzz_Formats_ReadG3_W", "Fuzz_Formats_ReadG3_W\Fuzz_Formats_ReadG3_W.vcxproj", "{EACBD58C-B395-4423-8F7E-B2FF1A4F5260}"
EndProject
Project("{8BC9CEB8-8B4A-11D0-8D11-00A0C91BC942}") = "Fuzz_Formats_ReadMPO_W", "Fuzz_Formats_ReadMPO_W\Fuzz_Formats_ReadMPO_W.vcxproj", "{76228B88-AE46-44E2-9A78-A277341EC81A}"
EndProject
Project("{8BC9CEB8-8B4A-11D0-8D11-00A0C91BC942}") = "Fuzz_Formats_ReadCMP", "Fuzz_Formats_ReadCMP\Fuzz_Formats_ReadCMP.vcxproj", "{3879B59F-4292-4F45-97B1-C540B6B9EAEE}"
EndProject
Project("{8BC9CEB8-8B4A-11D0-8D11-00A0C91BC942}") = "Fuzz_Formats_ReadG32", "Fuzz_Formats_ReadG32\Fuzz_Formats_ReadG32.vcxproj", "{4C8265C1-7331-4588-B97F-5B530862EB2E}"
EndProject
Project("{8BC9CEB8-8B4A-11D0-8D11-00A0C91BC942}") = "Fuzz_Formats_ReadGLCD_W", "Fuzz_Formats_ReadGLCD_W\Fuzz_Formats_ReadGLCD_W.vcxproj", "{3C386A11-2685-42BF-85C1-8715ED8E5D8D}"
EndProject
Global
	GlobalSection(SolutionConfigurationPlatforms) = preSolution
		Debug|x64 = Debug|x64
		Debug|x86 = Debug|x86
		Release|x64 = Release|x64
		Release|x86 = Release|x86
	EndGlobalSection
	GlobalSection(ProjectConfigurationPlatforms) = postSolution
		{77AF68DD-7029-49D0-B4A6-D49902E87413}.Debug|x64.ActiveCfg = Debug|x64
		{77AF68DD-7029-49D0-B4A6-D49902E87413}.Debug|x64.Build.0 = Debug|x64
		{77AF68DD-7029-49D0-B4A6-D49902E87413}.Debug|x86.ActiveCfg = Debug|Win32
		{77AF68DD-7029-49D0-B4A6-D49902E87413}.Debug|x86.Build.0 = Debug|Win32
		{77AF68DD-7029-49D0-B4A6-D49902E87413}.Release|x64.ActiveCfg = Release|x64
		{77AF68DD-7029-49D0-B4A6-D49902E87413}.Release|x64.Build.0 = Release|x64
		{77AF68DD-7029-49D0-B4A6-D49902E87413}.Release|x86.ActiveCfg = Release|Win32
		{77AF68DD-7029-49D0-B4A6-D49902E87413}.Release|x86.Build.0 = Release|Win32
		{C913D8D9-D971-41F5-90DB-C4C4A016DC1C}.Debug|x64.ActiveCfg = Debug|x64
		{C913D8D9-D971-41F5-90DB-C4C4A016DC1C}.Debug|x64.Build.0 = Debug|x64
		{C913D8D9-D971-41F5-90DB-C4C4A016DC1C}.Debug|x86.ActiveCfg = Debug|Win32
		{C913D8D9-D971-41F5-90DB-C4C4A016DC1C}.Debug|x86.Build.0 = Debug|Win32
		{C913D8D9-D971-41F5-90DB-C4C4A016DC1C}.Release|x64.ActiveCfg = Release|x64
		{C913D8D9-D971-41F5-90DB-C4C4A016DC1C}.Release|x64.Build.0 = Release|x64
		{C913D8D9-D971-41F5-90DB-C4C4A016DC1C}.Release|x86.ActiveCfg = Release|Win32
		{C913D8D9-D971-41F5-90DB-C4C4A016DC1C}.Release|x86.Build.0 = Release|Win32
		{97CE5D67-8F26-4F0E-B54C-5F240E705F32}.Debug|x64.ActiveCfg = Debug|x64
		{97CE5D67-8F26-4F0E-B54C-5F240E705F32}.Debug|x64.Build.0 = Debug|x64
		{97CE5D67-8F26-4F0E-B54C-5F240E705F32}.Debug|x86.ActiveCfg = Debug|Win32
		{97CE5D67-8F26-4F0E-B54C-5F240E705F32}.Debug|x86.Build.0 = Debug|Win32
		{97CE5D67-8F26-4F0E-B54C-5F240E705F32}.Release|x64.ActiveCfg = Release|x64
		{97CE5D67-8F26-4F0E-B54C-5F240E705F32}.Release|x64.Build.0 = Release|x64
		{97CE5D67-8F26-4F0E-B54C-5F240E705F32}.Release|x86.ActiveCfg = Release|Win32
		{97CE5D67-8F26-4F0E-B54C-5F240E705F32}.Release|x86.Build.0 = Release|Win32
		{A7439159-56CD-4384-9C60-A46506733E37}.Debug|x64.ActiveCfg = Debug|x64
		{A7439159-56CD-4384-9C60-A46506733E37}.Debug|x64.Build.0 = Debug|x64
		{A7439159-56CD-4384-9C60-A46506733E37}.Debug|x86.ActiveCfg = Debug|Win32
		{A7439159-56CD-4384-9C60-A46506733E37}.Debug|x86.Build.0 = Debug|Win32
		{A7439159-56CD-4384-9C60-A46506733E37}.Release|x64.ActiveCfg = Release|x64
		{A7439159-56CD-4384-9C60-A46506733E37}.Release|x64.Build.0 = Release|x64
		{A7439159-56CD-4384-9C60-A46506733E37}.Release|x86.ActiveCfg = Release|Win32
		{A7439159-56CD-4384-9C60-A46506733E37}.Release|x86.Build.0 = Release|Win32
		{443853D2-C6D3-46A1-A8AA-9F70EBDEC5EF}.Debug|x64.ActiveCfg = Debug|x64
		{443853D2-C6D3-46A1-A8AA-9F70EBDEC5EF}.Debug|x64.Build.0 = Debug|x64
		{443853D2-C6D3-46A1-A8AA-9F70EBDEC5EF}.Debug|x86.ActiveCfg = Debug|Win32
		{443853D2-C6D3-46A1-A8AA-9F70EBDEC5EF}.Debug|x86.Build.0 = Debug|Win32
		{443853D2-C6D3-46A1-A8AA-9F70EBDEC5EF}.Release|x64.ActiveCfg = Release|x64
		{443853D2-C6D3-46A1-A8AA-9F70EBDEC5EF}.Release|x64.Build.0 = Release|x64
		{443853D2-C6D3-46A1-A8AA-9F70EBDEC5EF}.Release|x86.ActiveCfg = Release|Win32
		{443853D2-C6D3-46A1-A8AA-9F70EBDEC5EF}.Release|x86.Build.0 = Release|Win32
		{68E93E85-65FD-4230-AAB3-BFA049B277A2}.Debug|x64.ActiveCfg = Debug|x64
		{68E93E85-65FD-4230-AAB3-BFA049B277A2}.Debug|x64.Build.0 = Debug|x64
		{68E93E85-65FD-4230-AAB3-BFA049B277A2}.Debug|x86.ActiveCfg = Debug|Win32
		{68E93E85-65FD-4230-AAB3-BFA049B277A2}.Debug|x86.Build.0 = Debug|Win32
		{68E93E85-65FD-4230-AAB3-BFA049B277A2}.Release|x64.ActiveCfg = Release|x64
		{68E93E85-65FD-4230-AAB3-BFA049B277A2}.Release|x64.Build.0 = Release|x64
		{68E93E85-65FD-4230-AAB3-BFA049B277A2}.Release|x86.ActiveCfg = Release|Win32
		{68E93E85-65FD-4230-AAB3-BFA049B277A2}.Release|x86.Build.0 = Release|Win32
		{3CC8640A-8580-4F8B-8829-C5B4EDE6B9F2}.Debug|x64.ActiveCfg = Debug|x64
		{3CC8640A-8580-4F8B-8829-C5B4EDE6B9F2}.Debug|x64.Build.0 = Debug|x64
		{3CC8640A-8580-4F8B-8829-C5B4EDE6B9F2}.Debug|x86.ActiveCfg = Debug|Win32
		{3CC8640A-8580-4F8B-8829-C5B4EDE6B9F2}.Debug|x86.Build.0 = Debug|Win32
		{3CC8640A-8580-4F8B-8829-C5B4EDE6B9F2}.Release|x64.ActiveCfg = Release|x64
		{3CC8640A-8580-4F8B-8829-C5B4EDE6B9F2}.Release|x64.Build.0 = Release|x64
		{3CC8640A-8580-4F8B-8829-C5B4EDE6B9F2}.Release|x86.ActiveCfg = Release|Win32
		{3CC8640A-8580-4F8B-8829-C5B4EDE6B9F2}.Release|x86.Build.0 = Release|Win32
		{6174685A-E7DA-4008-91A2-25B73D41C056}.Debug|x64.ActiveCfg = Debug|x64
		{6174685A-E7DA-4008-91A2-25B73D41C056}.Debug|x64.Build.0 = Debug|x64
		{6174685A-E7DA-4008-91A2-25B73D41C056}.Debug|x86.ActiveCfg = Debug|Win32
		{6174685A-E7DA-4008-91A2-25B73D41C056}.Debug|x86.Build.0 = Debug|Win32
		{6174685A-E7DA-4008-91A2-25B73D41C056}.Release|x64.ActiveCfg = Release|x64
		{6174685A-E7DA-4008-91A2-25B73D41C056}.Release|x64.Build.0 = Release|x64
		{6174685A-E7DA-4008-91A2-25B73D41C056}.Release|x86.ActiveCfg = Release|Win32
		{6174685A-E7DA-4008-91A2-25B73D41C056}.Release|x86.Build.0 = Release|Win32
		{0C2EC484-B743-4D93-BC2E-E9327532FFAA}.Debug|x64.ActiveCfg = Debug|x64
		{0C2EC484-B743-4D93-BC2E-E9327532FFAA}.Debug|x64.Build.0 = Debug|x64
		{0C2EC484-B743-4D93-BC2E-E9327532FFAA}.Debug|x86.ActiveCfg = Debug|Win32
		{0C2EC484-B743-4D93-BC2E-E9327532FFAA}.Debug|x86.Build.0 = Debug|Win32
		{0C2EC484-B743-4D93-BC2E-E9327532FFAA}.Release|x64.ActiveCfg = Release|x64
		{0C2EC484-B743-4D93-BC2E-E9327532FFAA}.Release|x64.Build.0 = Release|x64
		{0C2EC484-B743-4D93-BC2E-E9327532FFAA}.Release|x86.ActiveCfg = Release|Win32
		{0C2EC484-B743-4D93-BC2E-E9327532FFAA}.Release|x86.Build.0 = Release|Win32
		{AF4BC13C-FD55-4DE1-873F-31FB32195E7F}.Debug|x64.ActiveCfg = Debug|x64
		{AF4BC13C-FD55-4DE1-873F-31FB32195E7F}.Debug|x64.Build.0 = Debug|x64
		{AF4BC13C-FD55-4DE1-873F-31FB32195E7F}.Debug|x86.ActiveCfg = Debug|Win32
		{AF4BC13C-FD55-4DE1-873F-31FB32195E7F}.Debug|x86.Build.0 = Debug|Win32
		{AF4BC13C-FD55-4DE1-873F-31FB32195E7F}.Release|x64.ActiveCfg = Release|x64
		{AF4BC13C-FD55-4DE1-873F-31FB32195E7F}.Release|x64.Build.0 = Release|x64
		{AF4BC13C-FD55-4DE1-873F-31FB32195E7F}.Release|x86.ActiveCfg = Release|Win32
		{AF4BC13C-FD55-4DE1-873F-31FB32195E7F}.Release|x86.Build.0 = Release|Win32
		{86DAA929-9B6B-4710-974C-4A465AF04C98}.Debug|x64.ActiveCfg = Debug|x64
		{86DAA929-9B6B-4710-974C-4A465AF04C98}.Debug|x64.Build.0 = Debug|x64
		{86DAA929-9B6B-4710-974C-4A465AF04C98}.Debug|x86.ActiveCfg = Debug|Win32
		{86DAA929-9B6B-4710-974C-4A465AF04C98}.Debug|x86.Build.0 = Debug|Win32
		{86DAA929-9B6B-4710-974C-4A465AF04C98}.Release|x64.ActiveCfg = Release|x64
		{86DAA929-9B6B-4710-974C-4A465AF04C98}.Release|x64.Build.0 = Release|x64
		{86DAA929-9B6B-4710-974C-4A465AF04C98}.Release|x86.ActiveCfg = Release|Win32
		{86DAA929-9B6B-4710-974C-4A465AF04C98}.Release|x86.Build.0 = Release|Win32
		{8BEED482-65E0-4C3D-A6B3-38020D5707EC}.Debug|x64.ActiveCfg = Debug|x64
		{8BEED482-65E0-4C3D-A6B3-38020D5707EC}.Debug|x64.Build.0 = Debug|x64
		{8BEED482-65E0-4C3D-A6B3-38020D5707EC}.Debug|x86.ActiveCfg = Debug|Win32
		{8BEED482-65E0-4C3D-A6B3-38020D5707EC}.Debug|x86.Build.0 = Debug|Win32
		{8BEED482-65E0-4C3D-A6B3-38020D5707EC}.Release|x64.ActiveCfg = Release|x64
		{8BEED482-65E0-4C3D-A6B3-38020D5707EC}.Release|x64.Build.0 = Release|x64
		{8BEED482-65E0-4C3D-A6B3-38020D5707EC}.Release|x86.ActiveCfg = Release|Win32
		{8BEED482-65E0-4C3D-A6B3-38020D5707EC}.Release|x86.Build.0 = Release|Win32
		{EE140349-76CB-49F1-9BF0-AEE600984B76}.Debug|x64.ActiveCfg = Debug|x64
		{EE140349-76CB-49F1-9BF0-AEE600984B76}.Debug|x64.Build.0 = Debug|x64
		{EE140349-76CB-49F1-9BF0-AEE600984B76}.Debug|x86.ActiveCfg = Debug|Win32
		{EE140349-76CB-49F1-9BF0-AEE600984B76}.Debug|x86.Build.0 = Debug|Win32
		{EE140349-76CB-49F1-9BF0-AEE600984B76}.Release|x64.ActiveCfg = Release|x64
		{EE140349-76CB-49F1-9BF0-AEE600984B76}.Release|x64.Build.0 = Release|x64
		{EE140349-76CB-49F1-9BF0-AEE600984B76}.Release|x86.ActiveCfg = Release|Win32
		{EE140349-76CB-49F1-9BF0-AEE600984B76}.Release|x86.Build.0 = Release|Win32
		{F668E17A-36DE-47FC-AFAE-BAF786E30722}.Debug|x64.ActiveCfg = Debug|x64
		{F668E17A-36DE-47FC-AFAE-BAF786E30722}.Debug|x64.Build.0 = Debug|x64
		{F668E17A-36DE-47FC-AFAE-BAF786E30722}.Debug|x86.ActiveCfg = Debug|Win32
		{F668E17A-36DE-47FC-AFAE-BAF786E30722}.Debug|x86.Build.0 = Debug|Win32
		{F668E17A-36DE-47FC-AFAE-BAF786E30722}.Release|x64.ActiveCfg = Release|x64
		{F668E17A-36DE-47FC-AFAE-BAF786E30722}.Release|x64.Build.0 = Release|x64
		{F668E17A-36DE-47FC-AFAE-BAF786E30722}.Release|x86.ActiveCfg = Release|Win32
		{F668E17A-36DE-47FC-AFAE-BAF786E30722}.Release|x86.Build.0 = Release|Win32
		{754A5B94-4838-46E0-9526-2346342D2541}.Debug|x64.ActiveCfg = Debug|x64
		{754A5B94-4838-46E0-9526-2346342D2541}.Debug|x64.Build.0 = Debug|x64
		{754A5B94-4838-46E0-9526-2346342D2541}.Debug|x86.ActiveCfg = Debug|Win32
		{754A5B94-4838-46E0-9526-2346342D2541}.Debug|x86.Build.0 = Debug|Win32
		{754A5B94-4838-46E0-9526-2346342D2541}.Release|x64.ActiveCfg = Release|x64
		{754A5B94-4838-46E0-9526-2346342D2541}.Release|x64.Build.0 = Release|x64
		{754A5B94-4838-46E0-9526-2346342D2541}.Release|x86.ActiveCfg = Release|Win32
		{754A5B94-4838-46E0-9526-2346342D2541}.Release|x86.Build.0 = Release|Win32
		{AE013714-7AD9-41E8-816F-A7C5E5C46A5F}.Debug|x64.ActiveCfg = Debug|x64
		{AE013714-7AD9-41E8-816F-A7C5E5C46A5F}.Debug|x64.Build.0 = Debug|x64
		{AE013714-7AD9-41E8-816F-A7C5E5C46A5F}.Debug|x86.ActiveCfg = Debug|Win32
		{AE013714-7AD9-41E8-816F-A7C5E5C46A5F}.Debug|x86.Build.0 = Debug|Win32
		{AE013714-7AD9-41E8-816F-A7C5E5C46A5F}.Release|x64.ActiveCfg = Release|x64
		{AE013714-7AD9-41E8-816F-A7C5E5C46A5F}.Release|x64.Build.0 = Release|x64
		{AE013714-7AD9-41E8-816F-A7C5E5C46A5F}.Release|x86.ActiveCfg = Release|Win32
		{AE013714-7AD9-41E8-816F-A7C5E5C46A5F}.Release|x86.Build.0 = Release|Win32
		{5C66DBC9-CE22-47CF-8529-DE6A6E1FE9C3}.Debug|x64.ActiveCfg = Debug|x64
		{5C66DBC9-CE22-47CF-8529-DE6A6E1FE9C3}.Debug|x64.Build.0 = Debug|x64
		{5C66DBC9-CE22-47CF-8529-DE6A6E1FE9C3}.Debug|x86.ActiveCfg = Debug|Win32
		{5C66DBC9-CE22-47CF-8529-DE6A6E1FE9C3}.Debug|x86.Build.0 = Debug|Win32
		{5C66DBC9-CE22-47CF-8529-DE6A6E1FE9C3}.Release|x64.ActiveCfg = Release|x64
		{5C66DBC9-CE22-47CF-8529-DE6A6E1FE9C3}.Release|x64.Build.0 = Release|x64
		{5C66DBC9-CE22-47CF-8529-DE6A6E1FE9C3}.Release|x86.ActiveCfg = Release|Win32
		{5C66DBC9-CE22-47CF-8529-DE6A6E1FE9C3}.Release|x86.Build.0 = Release|Win32
		{F2178B2A-5BC0-46AF-BC25-7BF0E84F6B3D}.Debug|x64.ActiveCfg = Debug|x64
		{F2178B2A-5BC0-46AF-BC25-7BF0E84F6B3D}.Debug|x64.Build.0 = Debug|x64
		{F2178B2A-5BC0-46AF-BC25-7BF0E84F6B3D}.Debug|x86.ActiveCfg = Debug|Win32
		{F2178B2A-5BC0-46AF-BC25-7BF0E84F6B3D}.Debug|x86.Build.0 = Debug|Win32
		{F2178B2A-5BC0-46AF-BC25-7BF0E84F6B3D}.Release|x64.ActiveCfg = Release|x64
		{F2178B2A-5BC0-46AF-BC25-7BF0E84F6B3D}.Release|x64.Build.0 = Release|x64
		{F2178B2A-5BC0-46AF-BC25-7BF0E84F6B3D}.Release|x86.ActiveCfg = Release|Win32
		{F2178B2A-5BC0-46AF-BC25-7BF0E84F6B3D}.Release|x86.Build.0 = Release|Win32
		{8D8097CE-094D-4C60-B0E2-0DB86CE44621}.Debug|x64.ActiveCfg = Debug|x64
		{8D8097CE-094D-4C60-B0E2-0DB86CE44621}.Debug|x64.Build.0 = Debug|x64
		{8D8097CE-094D-4C60-B0E2-0DB86CE44621}.Debug|x86.ActiveCfg = Debug|Win32
		{8D8097CE-094D-4C60-B0E2-0DB86CE44621}.Debug|x86.Build.0 = Debug|Win32
		{8D8097CE-094D-4C60-B0E2-0DB86CE44621}.Release|x64.ActiveCfg = Release|x64
		{8D8097CE-094D-4C60-B0E2-0DB86CE44621}.Release|x64.Build.0 = Release|x64
		{8D8097CE-094D-4C60-B0E2-0DB86CE44621}.Release|x86.ActiveCfg = Release|Win32
		{8D8097CE-094D-4C60-B0E2-0DB86CE44621}.Release|x86.Build.0 = Release|Win32
		{ED50535F-FB32-4C6E-B0C3-E47166D74E4D}.Debug|x64.ActiveCfg = Debug|x64
		{ED50535F-FB32-4C6E-B0C3-E47166D74E4D}.Debug|x64.Build.0 = Debug|x64
		{ED50535F-FB32-4C6E-B0C3-E47166D74E4D}.Debug|x86.ActiveCfg = Debug|Win32
		{ED50535F-FB32-4C6E-B0C3-E47166D74E4D}.Debug|x86.Build.0 = Debug|Win32
		{ED50535F-FB32-4C6E-B0C3-E47166D74E4D}.Release|x64.ActiveCfg = Release|x64
		{ED50535F-FB32-4C6E-B0C3-E47166D74E4D}.Release|x64.Build.0 = Release|x64
		{ED50535F-FB32-4C6E-B0C3-E47166D74E4D}.Release|x86.ActiveCfg = Release|Win32
		{ED50535F-FB32-4C6E-B0C3-E47166D74E4D}.Release|x86.Build.0 = Release|Win32
		{4611AF91-F126-4B07-A39D-B00B8F457FBF}.Debug|x64.ActiveCfg = Debug|x64
		{4611AF91-F126-4B07-A39D-B00B8F457FBF}.Debug|x64.Build.0 = Debug|x64
		{4611AF91-F126-4B07-A39D-B00B8F457FBF}.Debug|x86.ActiveCfg = Debug|Win32
		{4611AF91-F126-4B07-A39D-B00B8F457FBF}.Debug|x86.Build.0 = Debug|Win32
		{4611AF91-F126-4B07-A39D-B00B8F457FBF}.Release|x64.ActiveCfg = Release|x64
		{4611AF91-F126-4B07-A39D-B00B8F457FBF}.Release|x64.Build.0 = Release|x64
		{4611AF91-F126-4B07-A39D-B00B8F457FBF}.Release|x86.ActiveCfg = Release|Win32
		{4611AF91-F126-4B07-A39D-B00B8F457FBF}.Release|x86.Build.0 = Release|Win32
		{E5BA6A72-C91D-4C6D-A7A1-AE876FB3E92E}.Debug|x64.ActiveCfg = Debug|x64
		{E5BA6A72-C91D-4C6D-A7A1-AE876FB3E92E}.Debug|x64.Build.0 = Debug|x64
		{E5BA6A72-C91D-4C6D-A7A1-AE876FB3E92E}.Debug|x86.ActiveCfg = Debug|Win32
		{E5BA6A72-C91D-4C6D-A7A1-AE876FB3E92E}.Debug|x86.Build.0 = Debug|Win32
		{E5BA6A72-C91D-4C6D-A7A1-AE876FB3E92E}.Release|x64.ActiveCfg = Release|x64
		{E5BA6A72-C91D-4C6D-A7A1-AE876FB3E92E}.Release|x64.Build.0 = Release|x64
		{E5BA6A72-C91D-4C6D-A7A1-AE876FB3E92E}.Release|x86.ActiveCfg = Release|Win32
		{E5BA6A72-C91D-4C6D-A7A1-AE876FB3E92E}.Release|x86.Build.0 = Release|Win32
		{B09B2ACA-2623-4E26-906E-E547DCC4CFE7}.Debug|x64.ActiveCfg = Debug|x64
		{B09B2ACA-2623-4E26-906E-E547DCC4CFE7}.Debug|x64.Build.0 = Debug|x64
		{B09B2ACA-2623-4E26-906E-E547DCC4CFE7}.Debug|x86.ActiveCfg = Debug|Win32
		{B09B2ACA-2623-4E26-906E-E547DCC4CFE7}.Debug|x86.Build.0 = Debug|Win32
		{B09B2ACA-2623-4E26-906E-E547DCC4CFE7}.Release|x64.ActiveCfg = Release|x64
		{B09B2ACA-2623-4E26-906E-E547DCC4CFE7}.Release|x64.Build.0 = Release|x64
		{B09B2ACA-2623-4E26-906E-E547DCC4CFE7}.Release|x86.ActiveCfg = Release|Win32
		{B09B2ACA-2623-4E26-906E-E547DCC4CFE7}.Release|x86.Build.0 = Release|Win32
		{ADEA8B33-571C-4721-B880-97B697B44E23}.Debug|x64.ActiveCfg = Debug|x64
		{ADEA8B33-571C-4721-B880-97B697B44E23}.Debug|x64.Build.0 = Debug|x64
		{ADEA8B33-571C-4721-B880-97B697B44E23}.Debug|x86.ActiveCfg = Debug|Win32
		{ADEA8B33-571C-4721-B880-97B697B44E23}.Debug|x86.Build.0 = Debug|Win32
		{ADEA8B33-571C-4721-B880-97B697B44E23}.Release|x64.ActiveCfg = Release|x64
		{ADEA8B33-571C-4721-B880-97B697B44E23}.Release|x64.Build.0 = Release|x64
		{ADEA8B33-571C-4721-B880-97B697B44E23}.Release|x86.ActiveCfg = Release|Win32
		{ADEA8B33-571C-4721-B880-97B697B44E23}.Release|x86.Build.0 = Release|Win32
		{00B86865-D087-4045-A193-304789F4B10A}.Debug|x64.ActiveCfg = Debug|x64
		{00B86865-D087-4045-A193-304789F4B10A}.Debug|x64.Build.0 = Debug|x64
		{00B86865-D087-4045-A193-304789F4B10A}.Debug|x86.ActiveCfg = Debug|Win32
		{00B86865-D087-4045-A193-304789F4B10A}.Debug|x86.Build.0 = Debug|Win32
		{00B86865-D087-4045-A193-304789F4B10A}.Release|x64.ActiveCfg = Release|x64
		{00B86865-D087-4045-A193-304789F4B10A}.Release|x64.Build.0 = Release|x64
		{00B86865-D087-4045-A193-304789F4B10A}.Release|x86.ActiveCfg = Release|Win32
		{00B86865-D087-4045-A193-304789F4B10A}.Release|x86.Build.0 = Release|Win32
		{74A62A0E-62AF-4BE2-90FC-B62C55B17C74}.Debug|x64.ActiveCfg = Debug|x64
		{74A62A0E-62AF-4BE2-90FC-B62C55B17C74}.Debug|x64.Build.0 = Debug|x64
		{74A62A0E-62AF-4BE2-90FC-B62C55B17C74}.Debug|x86.ActiveCfg = Debug|Win32
		{74A62A0E-62AF-4BE2-90FC-B62C55B17C74}.Debug|x86.Build.0 = Debug|Win32
		{74A62A0E-62AF-4BE2-90FC-B62C55B17C74}.Release|x64.ActiveCfg = Release|x64
		{74A62A0E-62AF-4BE2-90FC-B62C55B17C74}.Release|x64.Build.0 = Release|x64
		{74A62A0E-62AF-4BE2-90FC-B62C55B17C74}.Release|x86.ActiveCfg = Release|Win32
		{74A62A0E-62AF-4BE2-90FC-B62C55B17C74}.Release|x86.Build.0 = Release|Win32
		{5CCEA70C-8D84-4AC6-A222-3E4A71C848BF}.Debug|x64.ActiveCfg = Debug|x64
		{5CCEA70C-8D84-4AC6-A222-3E4A71C848BF}.Debug|x64.Build.0 = Debug|x64
		{5CCEA70C-8D84-4AC6-A222-3E4A71C848BF}.Debug|x86.ActiveCfg = Debug|Win32
		{5CCEA70C-8D84-4AC6-A222-3E4A71C848BF}.Debug|x86.Build.0 = Debug|Win32
		{5CCEA70C-8D84-4AC6-A222-3E4A71C848BF}.Release|x64.ActiveCfg = Release|x64
		{5CCEA70C-8D84-4AC6-A222-3E4A71C848BF}.Release|x64.Build.0 = Release|x64
		{5CCEA70C-8D84-4AC6-A222-3E4A71C848BF}.Release|x86.ActiveCfg = Release|Win32
		{5CCEA70C-8D84-4AC6-A222-3E4A71C848BF}.Release|x86.Build.0 = Release|Win32
		{EACBD58C-B395-4423-8F7E-B2FF1A4F5260}.Debug|x64.ActiveCfg = Debug|x64
		{EACBD58C-B395-4423-8F7E-B2FF1A4F5260}.Debug|x64.Build.0 = Debug|x64
		{EACBD58C-B395-4423-8F7E-B2FF1A4F5260}.Debug|x86.ActiveCfg = Debug|Win32
		{EACBD58C-B395-4423-8F7E-B2FF1A4F5260}.Debug|x86.Build.0 = Debug|Win32
		{EACBD58C-B395-4423-8F7E-B2FF1A4F5260}.Release|x64.ActiveCfg = Release|x64
		{EACBD58C-B395-4423-8F7E-B2FF1A4F5260}.Release|x64.Build.0 = Release|x64
		{EACBD58C-B395-4423-8F7E-B2FF1A4F5260}.Release|x86.ActiveCfg = Release|Win32
		{EACBD58C-B395-4423-8F7E-B2FF1A4F5260}.Release|x86.Build.0 = Release|Win32
		{76228B88-AE46-44E2-9A78-A277341EC81A}.Debug|x64.ActiveCfg = Debug|x64
		{76228B88-AE46-44E2-9A78-A277341EC81A}.Debug|x64.Build.0 = Debug|x64
		{76228B88-AE46-44E2-9A78-A277341EC81A}.Debug|x86.ActiveCfg = Debug|Win32
		{76228B88-AE46-44E2-9A78-A277341EC81A}.Debug|x86.Build.0 = Debug|Win32
		{76228B88-AE46-44E2-9A78-A277341EC81A}.Release|x64.ActiveCfg = Release|x64
		{76228B88-AE46-44E2-9A78-A277341EC81A}.Release|x64.Build.0 = Release|x64
		{76228B88-AE46-44E2-9A78-A277341EC81A}.Release|x86.ActiveCfg = Release|Win32
		{76228B88-AE46-44E2-9A78-A277341EC81A}.Release|x86.Build.0 = Release|Win32
		{3879B59F-4292-4F45-97B1-C540B6B9EAEE}.Debug|x64.ActiveCfg = Debug|x64
		{3879B59F-4292-4F45-97B1-C540B6B9EAEE}.Debug|x64.Build.0 = Debug|x64
		{3879B59F-4292-4F45-97B1-C540B6B9EAEE}.Debug|x86.ActiveCfg = Debug|Win32
		{3879B59F-4292-4F45-97B1-C540B6B9EAEE}.Debug|x86.Build.0 = Debug|Win32
		{3879B59F-4292-4F45-97B1-C540B6B9EAEE}.Release|x64.ActiveCfg = Release|x64
		{3879B59F-4292-4F45-97B1-C540B6B9EAEE}.Release|x64.Build.0 = Release|x64
		{3879B59F-4292-4F45-97B1-C540B6B9EAEE}.Release|x86.ActiveCfg = Release|Win32
		{3879B59F-4292-4F45-97B1-C540B6B9EAEE}.Release|x86.Build.0 = Release|Win32
		{4C8265C1-7331-4588-B97F-5B530862EB2E}.Debug|x64.ActiveCfg = Debug|x64
		{4C8265C1-7331-4588-B97F-5B530862EB2E}.Debug|x64.Build.0 = Debug|x64
		{4C8265C1-7331-4588-B97F-5B530862EB2E}.Debug|x86.ActiveCfg = Debug|Win32
		{4C8265C1-7331-4588-B97F-5B530862EB2E}.Debug|x86.Build.0 = Debug|Win32
		{4C8265C1-7331-4588-B97F-5B530862EB2E}.Release|x64.ActiveCfg = Release|x64
		{4C8265C1-7331-4588-B97F-5B530862EB2E}.Release|x64.Build.0 = Release|x64
		{4C8265C1-7331-4588-B97F-5B530862EB2E}.Release|x86.ActiveCfg = Release|Win32
		{4C8265C1-7331-4588-B97F-5B530862EB2E}.Release|x86.Build.0 = Release|Win32
		{3C386A11-2685-42BF-85C1-8715ED8E5D8D}.Debug|x64.ActiveCfg = Debug|x64
		{3C386A11-2685-42BF-85C1-8715ED8E5D8D}.Debug|x64.Build.0 = Debug|x64
		{3C386A11-2685-42BF-85C1-8715ED8E5D8D}.Debug|x86.ActiveCfg = Debug|Win32
		{3C386A11-2685-42BF-85C1-8715ED8E5D8D}.Debug|x86.Build.0 = Debug|Win32
		{3C386A11-2685-42BF-85C1-8715ED8E5D8D}.Release|x64.ActiveCfg = Release|x64
		{3C386A11-2685-42BF-85C1-8715ED8E5D8D}.Release|x64.Build.0 = Release|x64
		{3C386A11-2685-42BF-85C1-8715ED8E5D8D}.Release|x86.ActiveCfg = Release|Win32
		{3C386A11-2685-42BF-85C1-8715ED8E5D8D}.Release|x86.Build.0 = Release|Win32
	EndGlobalSection
	GlobalSection(SolutionProperties) = preSolution
		HideSolutionNode = FALSE
	EndGlobalSection
	GlobalSection(ExtensibilityGlobals) = postSolution
		SolutionGuid = {5D82630D-17D7-4645-921E-259F28ECF4A0}
	EndGlobalSection
EndGlobal
